github.com/agilira/flash-flags v1.0.1 h1:998q2+JFFoRDPrkznCjTLDLEB2D5ta6Ma2fFFf8FO6o=
github.com/agilira/flash-flags v1.0.1/go.mod h1:vuuo9FRN+ZgREaa1WYRmUFac/h3+CwuvD4EvjF5JNIQ=
github.com/agilira/go-errors v1.1.0 h1:97cBNEDo6q2pKzkr/YqlqWq3fa5rOU8E4LOnSsCmWck=
github.com/agilira/go-errors v1.1.0/go.mod h1:YEeM2sVXg2w/GmDVZ2m2nH2kJ2Aa34OvbTA6w3JzVbY=
github.com/agilira/go-timecache v1.0.1 h1:/i2XfvPXWiG20V7hV7cuq1rlFvhhw5qQCb/BpfDvHVU=
github.com/agilira/go-timecache v1.0.1/go.mod h1:FRm8ATec0fQeD+058ndGi3xyI9kIbJEwlv9SwbpEU9g=
github.com/google/go-cmp v0.6.0 h1:ofyhxvXcZhMsU5ulbFiLKl/XBFqE1GSq7atu8tAmTRI=
github.com/google/go-cmp v0.6.0/go.mod h1:17dUlkBOakJ0+DkrSSNjCkIjxS6bF9zb3elmeNGIjoY=
golang.org/x/net v0.44.0 h1:evd8IRDyfNBMBTTY5XRF1vaZlD+EmWx6x8PkhR04H/I=
golang.org/x/net v0.44.0/go.mod h1:ECOoLqd5U3Lhyeyo/QDCEVQ4sNgYsqvCZ722XogGieY=
golang.org/x/sys v0.36.0 h1:KVRy2GtZBrk1cBYA7MKu5bEZFxQk4NIDV6RLVcC8o0k=
golang.org/x/sys v0.36.0/go.mod h1:OgkHotnGiDImocRcuBABYBEXf8A9a87e/uXjp9XT3ks=
golang.org/x/text v0.29.0 h1:1neNs90w9YzJ9BocxfsQNHKuAT4pkghyXc4nhZ6sJvk=
golang.org/x/text v0.29.0/go.mod h1:7MhJOA9CD2qZyOKYazxdYMF85OwPdEr9jTtBpO7ydH4=
google.golang.org/genproto/googleapis/rpc v0.0.0-20250707201910-8d1bb00bc6a7 h1:pFyd6EwwL2TqFf8emdthzeX+gZE1ElRq3iM8pui4KBY=
google.golang.org/genproto/googleapis/rpc v0.0.0-20250707201910-8d1bb00bc6a7/go.mod h1:qQ0YXyHHx3XkvlzUtpXDkS29lDSafHMZBAZDc03LQ3A=
google.golang.org/grpc v1.68.0-dev h1:Qao/m2HpklhJt2QbpdRutxyNfRuwM8nGPpmi2UkuEHw=
google.golang.org/grpc v1.68.0-dev/go.mod h1:1gLDyUQU7CTLJI90u3nXZ9ekeghjeM7pTDZlqFNg2AA=
google.golang.org/protobuf v1.36.6 h1:z1NpPI8ku2WgiWnf+t9wTPsn6eP1L7ksHUlkfLvd9xY=
google.golang.org/protobuf v1.36.6/go.mod h1:jduwjTPXsFjZGTmRluh+L6NjiWu7pchiJ2/5YcXBHnY=
